
Microsoft Visual Studio Solution File, Format Version 12.00
# Visual Studio 2012
Project("{FAE04EC0-301F-11D3-BF4B-00C04F79EFBC}") = "Chapter 10", "Chapter 10\Chapter 10.csproj", "{5382699D-DA69-416A-8C59-C49628436DEE}"
EndProject
Global
	GlobalSection(SolutionConfigurationPlatforms) = preSolution
		Debug|Any CPU = Debug|Any CPU
		Release|Any CPU = Release|Any CPU
	EndGlobalSection
	GlobalSection(ProjectConfigurationPlatforms) = postSolution
		{5382699D-DA69-416A-8C59-C49628436DEE}.Debug|Any CPU.ActiveCfg = Debug|Any CPU
		{5382699D-DA69-416A-8C59-C49628436DEE}.Debug|Any CPU.Build.0 = Debug|Any CPU
		{5382699D-DA69-416A-8C59-C49628436DEE}.Release|Any CPU.ActiveCfg = Release|Any CPU
		{5382699D-DA69-416A-8C59-C49628436DEE}.Release|Any CPU.Build.0 = Release|Any CPU
	EndGlobalSection
	GlobalSection(SolutionProperties) = preSolution
		HideSolutionNode = FALSE
	EndGlobalSection
EndGlobal
