
Microsoft Visual Studio Solution File, Format Version 12.00
# Visual Studio 2012
Project("{FAE04EC0-301F-11D3-BF4B-00C04F79EFBC}") = "Chapter 6", "Chapter 6\Chapter 6.csproj", "{EF7481F2-BB28-4B40-B012-EF86ACB0CFBA}"
EndProject
Global
	GlobalSection(SolutionConfigurationPlatforms) = preSolution
		Debug|Any CPU = Debug|Any CPU
		Release|Any CPU = Release|Any CPU
	EndGlobalSection
	GlobalSection(ProjectConfigurationPlatforms) = postSolution
		{EF7481F2-BB28-4B40-B012-EF86ACB0CFBA}.Debug|Any CPU.ActiveCfg = Debug|Any CPU
		{EF7481F2-BB28-4B40-B012-EF86ACB0CFBA}.Debug|Any CPU.Build.0 = Debug|Any CPU
		{EF7481F2-BB28-4B40-B012-EF86ACB0CFBA}.Release|Any CPU.ActiveCfg = Release|Any CPU
		{EF7481F2-BB28-4B40-B012-EF86ACB0CFBA}.Release|Any CPU.Build.0 = Release|Any CPU
	EndGlobalSection
	GlobalSection(SolutionProperties) = preSolution
		HideSolutionNode = FALSE
	EndGlobalSection
EndGlobal
